
Microsoft Visual Studio Solution File, Format Version 12.00
# Visual Studio 2017
Project("{FAE04EC0-301F-11D3-BF4B-00C04F79EFBC}") = "ProjectVrij", "ProjectVrij.csproj", "{1BB85A6D-824E-0D10-EAEB-920ACAFAE4A0}"
EndProject
Project("{FAE04EC0-301F-11D3-BF4B-00C04F79EFBC}") = "ProjectVrij.Editor", "ProjectVrij.Editor.csproj", "{013944AB-6340-76C4-4D44-C2F1711B10F0}"
EndProject
Global
	GlobalSection(SolutionConfigurationPlatforms) = preSolution
		Debug|Any CPU = Debug|Any CPU
		Release|Any CPU = Release|Any CPU
	EndGlobalSection
	GlobalSection(ProjectConfigurationPlatforms) = postSolution
		{1BB85A6D-824E-0D10-EAEB-920ACAFAE4A0}.Debug|Any CPU.ActiveCfg = Debug|Any CPU
		{1BB85A6D-824E-0D10-EAEB-920ACAFAE4A0}.Debug|Any CPU.Build.0 = Debug|Any CPU
		{1BB85A6D-824E-0D10-EAEB-920ACAFAE4A0}.Release|Any CPU.ActiveCfg = Release|Any CPU
		{1BB85A6D-824E-0D10-EAEB-920ACAFAE4A0}.Release|Any CPU.Build.0 = Release|Any CPU
		{013944AB-6340-76C4-4D44-C2F1711B10F0}.Debug|Any CPU.ActiveCfg = Debug|Any CPU
		{013944AB-6340-76C4-4D44-C2F1711B10F0}.Debug|Any CPU.Build.0 = Debug|Any CPU
		{013944AB-6340-76C4-4D44-C2F1711B10F0}.Release|Any CPU.ActiveCfg = Release|Any CPU
		{013944AB-6340-76C4-4D44-C2F1711B10F0}.Release|Any CPU.Build.0 = Release|Any CPU
	EndGlobalSection
	GlobalSection(SolutionProperties) = preSolution
		HideSolutionNode = FALSE
	EndGlobalSection
EndGlobal
